
Microsoft Visual Studio Solution File, Format Version 12.00
# Visual Studio Version 17
VisualStudioVersion = 17.5.33414.496
MinimumVisualStudioVersion = 10.0.40219.1
Project("{FAE04EC0-301F-11D3-BF4B-00C04F79EFBC}") = "SuperHero", "SuperHero.csproj", "{6AE2166B-B559-49CE-A6C3-5ED3D3F80FBA}"
EndProject
Global
	GlobalSection(SolutionConfigurationPlatforms) = preSolution
		Debug|Any CPU = Debug|Any CPU
		Release|Any CPU = Release|Any CPU
	EndGlobalSection
	GlobalSection(ProjectConfigurationPlatforms) = postSolution
		{6AE2166B-B559-49CE-A6C3-5ED3D3F80FBA}.Debug|Any CPU.ActiveCfg = Debug|Any CPU
		{6AE2166B-B559-49CE-A6C3-5ED3D3F80FBA}.Debug|Any CPU.Build.0 = Debug|Any CPU
		{6AE2166B-B559-49CE-A6C3-5ED3D3F80FBA}.Release|Any CPU.ActiveCfg = Release|Any CPU
		{6AE2166B-B559-49CE-A6C3-5ED3D3F80FBA}.Release|Any CPU.Build.0 = Release|Any CPU
	EndGlobalSection
	GlobalSection(SolutionProperties) = preSolution
		HideSolutionNode = FALSE
	EndGlobalSection
	GlobalSection(ExtensibilityGlobals) = postSolution
		SolutionGuid = {CB4FF66E-7A51-4B5A-8EC6-1CA763152DEC}
	EndGlobalSection
EndGlobal
